
Microsoft Visual Studio Solution File, Format Version 12.00
# Visual Studio Version 17
VisualStudioVersion = 17.9.34616.47
MinimumVisualStudioVersion = 10.0.40219.1
Project("{FAE04EC0-301F-11D3-BF4B-00C04F79EFBC}") = "ObjectOrientedDesign", "ObjectOrientedDesign\ObjectOrientedDesign.csproj", "{4259AB62-3E8C-492C-A0DE-26EBF0648513}"
EndProject
Global
	GlobalSection(SolutionConfigurationPlatforms) = preSolution
		Debug|Any CPU = Debug|Any CPU
		Release|Any CPU = Release|Any CPU
	EndGlobalSection
	GlobalSection(ProjectConfigurationPlatforms) = postSolution
		{4259AB62-3E8C-492C-A0DE-26EBF0648513}.Debug|Any CPU.ActiveCfg = Debug|Any CPU
		{4259AB62-3E8C-492C-A0DE-26EBF0648513}.Debug|Any CPU.Build.0 = Debug|Any CPU
		{4259AB62-3E8C-492C-A0DE-26EBF0648513}.Release|Any CPU.ActiveCfg = Release|Any CPU
		{4259AB62-3E8C-492C-A0DE-26EBF0648513}.Release|Any CPU.Build.0 = Release|Any CPU
	EndGlobalSection
	GlobalSection(SolutionProperties) = preSolution
		HideSolutionNode = FALSE
	EndGlobalSection
	GlobalSection(ExtensibilityGlobals) = postSolution
		SolutionGuid = {BC9D5D69-97F7-405B-A9CF-6C120F563D45}
	EndGlobalSection
EndGlobal
